
Microsoft Visual Studio Solution File, Format Version 12.00
# Visual Studio Version 17
VisualStudioVersion = 17.5.33502.453
MinimumVisualStudioVersion = 10.0.40219.1
Project("{FAE04EC0-301F-11D3-BF4B-00C04F79EFBC}") = "Eq2Grau", "Eq2Grau\Eq2Grau.csproj", "{765A8012-3B5E-434A-B25C-A1A5C8781019}"
EndProject
Global
	GlobalSection(SolutionConfigurationPlatforms) = preSolution
		Debug|Any CPU = Debug|Any CPU
		Release|Any CPU = Release|Any CPU
	EndGlobalSection
	GlobalSection(ProjectConfigurationPlatforms) = postSolution
		{765A8012-3B5E-434A-B25C-A1A5C8781019}.Debug|Any CPU.ActiveCfg = Debug|Any CPU
		{765A8012-3B5E-434A-B25C-A1A5C8781019}.Debug|Any CPU.Build.0 = Debug|Any CPU
		{765A8012-3B5E-434A-B25C-A1A5C8781019}.Release|Any CPU.ActiveCfg = Release|Any CPU
		{765A8012-3B5E-434A-B25C-A1A5C8781019}.Release|Any CPU.Build.0 = Release|Any CPU
	EndGlobalSection
	GlobalSection(SolutionProperties) = preSolution
		HideSolutionNode = FALSE
	EndGlobalSection
	GlobalSection(ExtensibilityGlobals) = postSolution
		SolutionGuid = {19130C02-0129-4CF9-A90C-A2106E42018D}
	EndGlobalSection
EndGlobal
